
Microsoft Visual Studio Solution File, Format Version 12.00
# Visual Studio Version 17
VisualStudioVersion = 17.13.35806.99
MinimumVisualStudioVersion = 10.0.40219.1
Project("{FAE04EC0-301F-11D3-BF4B-00C04F79EFBC}") = "MotoWorld3", "MotoWorld3\MotoWorld3.csproj", "{92CC5149-9DD3-451D-9472-71E15397D85C}"
EndProject
Global
	GlobalSection(SolutionConfigurationPlatforms) = preSolution
		Debug|Any CPU = Debug|Any CPU
		Release|Any CPU = Release|Any CPU
	EndGlobalSection
	GlobalSection(ProjectConfigurationPlatforms) = postSolution
		{92CC5149-9DD3-451D-9472-71E15397D85C}.Debug|Any CPU.ActiveCfg = Debug|Any CPU
		{92CC5149-9DD3-451D-9472-71E15397D85C}.Debug|Any CPU.Build.0 = Debug|Any CPU
		{92CC5149-9DD3-451D-9472-71E15397D85C}.Release|Any CPU.ActiveCfg = Release|Any CPU
		{92CC5149-9DD3-451D-9472-71E15397D85C}.Release|Any CPU.Build.0 = Release|Any CPU
	EndGlobalSection
	GlobalSection(SolutionProperties) = preSolution
		HideSolutionNode = FALSE
	EndGlobalSection
	GlobalSection(ExtensibilityGlobals) = postSolution
		SolutionGuid = {70011202-DACC-47AC-A4D6-37B60AB632BC}
	EndGlobalSection
EndGlobal
